
Microsoft Visual Studio Solution File, Format Version 12.00
# Visual Studio 15
VisualStudioVersion = 15.0.27004.2009
MinimumVisualStudioVersion = 10.0.40219.1
Project("{2150E333-8FDC-42A3-9474-1A3956D46DE8}") = "src", "src", "{F9E19B74-ADDF-4FF5-8018-8A817C00A147}"
EndProject
Project("{2150E333-8FDC-42A3-9474-1A3956D46DE8}") = "Solution Items", "Solution Items", "{59FA29E4-8641-4673-BFEC-92A905625B67}"
EndProject
Project("{2150E333-8FDC-42A3-9474-1A3956D46DE8}") = "1 - Presentation", "1 - Presentation", "{5F4A0304-27BA-4592-B64E-428368204BD3}"
EndProject
Project("{2150E333-8FDC-42A3-9474-1A3956D46DE8}") = "2 - Services", "2 - Services", "{363EAE17-AAAE-4444-98F8-EACCB4A38677}"
EndProject
Project("{2150E333-8FDC-42A3-9474-1A3956D46DE8}") = "3 - Application", "3 - Application", "{80F53E6F-9363-49E3-96D3-E00BA40643BA}"
EndProject
Project("{2150E333-8FDC-42A3-9474-1A3956D46DE8}") = "4 - Domain", "4 - Domain", "{58C3801A-B847-46AB-933F-ED43FE058B10}"
EndProject
Project("{2150E333-8FDC-42A3-9474-1A3956D46DE8}") = "5 - Infrastructure", "5 - Infrastructure", "{1BDDD5AB-32AC-4217-9B01-F6297F2CB5AE}"
EndProject
Project("{2150E333-8FDC-42A3-9474-1A3956D46DE8}") = "5.1 - Data", "5.1 - Data", "{7D93DB8A-7BF8-442B-8D25-81AF8639E213}"
EndProject
Project("{2150E333-8FDC-42A3-9474-1A3956D46DE8}") = "5.2 - CrossCutting", "5.2 - CrossCutting", "{DB30850F-7551-400B-9D55-7848CFAD4EC3}"
EndProject
Project("{FAE04EC0-301F-11D3-BF4B-00C04F79EFBC}") = "Comcervart.CrossCutting.Identity", "Comcervart.CrossCuting.Identity\Comcervart.CrossCutting.Identity.csproj", "{C4499304-8035-4FAE-BF0B-26F3C72010E6}"
EndProject
Project("{FAE04EC0-301F-11D3-BF4B-00C04F79EFBC}") = "Comcervart.CrossCutting.IoC", "Comcervart.CrossCuting.IoC\Comcervart.CrossCutting.IoC.csproj", "{3DAAB636-3626-48AB-A9D0-AC8F4C864262}"
EndProject
Project("{FAE04EC0-301F-11D3-BF4B-00C04F79EFBC}") = "Comcervart.CrossCutting.Bus", "Comcervart.CrossCutting.Bus\Comcervart.CrossCutting.Bus.csproj", "{0793DFF9-A671-4A1B-B9D5-AD7DA45124BB}"
EndProject
Project("{FAE04EC0-301F-11D3-BF4B-00C04F79EFBC}") = "Comcervart.Infrastructure.Data", "Comcervart.Infrastructure.Data\Comcervart.Infrastructure.Data.csproj", "{EDD23FA5-E1A8-4742-A656-E0DDBA13C7A1}"
EndProject
Project("{FAE04EC0-301F-11D3-BF4B-00C04F79EFBC}") = "Comcervart.Domain", "Comcervart.Domain\Comcervart.Domain.csproj", "{19E65364-A584-4AE6-A39D-6C86F61EC2CC}"
EndProject
Project("{FAE04EC0-301F-11D3-BF4B-00C04F79EFBC}") = "Comcervart.Application", "Comcervart.Application\Comcervart.Application.csproj", "{8DEDD41D-9B01-4A64-A57B-2F0A724F4F61}"
EndProject
Project("{FAE04EC0-301F-11D3-BF4B-00C04F79EFBC}") = "Comcervart.WebApi", "Comcervart.WebApi\Comcervart.WebApi.csproj", "{46818AAE-715A-4D40-8C9C-D9944328CB4F}"
EndProject
Global
	GlobalSection(SolutionConfigurationPlatforms) = preSolution
		Debug|Any CPU = Debug|Any CPU
		Release|Any CPU = Release|Any CPU
	EndGlobalSection
	GlobalSection(ProjectConfigurationPlatforms) = postSolution
		{C4499304-8035-4FAE-BF0B-26F3C72010E6}.Debug|Any CPU.ActiveCfg = Debug|Any CPU
		{C4499304-8035-4FAE-BF0B-26F3C72010E6}.Debug|Any CPU.Build.0 = Debug|Any CPU
		{C4499304-8035-4FAE-BF0B-26F3C72010E6}.Release|Any CPU.ActiveCfg = Release|Any CPU
		{C4499304-8035-4FAE-BF0B-26F3C72010E6}.Release|Any CPU.Build.0 = Release|Any CPU
		{3DAAB636-3626-48AB-A9D0-AC8F4C864262}.Debug|Any CPU.ActiveCfg = Debug|Any CPU
		{3DAAB636-3626-48AB-A9D0-AC8F4C864262}.Debug|Any CPU.Build.0 = Debug|Any CPU
		{3DAAB636-3626-48AB-A9D0-AC8F4C864262}.Release|Any CPU.ActiveCfg = Release|Any CPU
		{3DAAB636-3626-48AB-A9D0-AC8F4C864262}.Release|Any CPU.Build.0 = Release|Any CPU
		{0793DFF9-A671-4A1B-B9D5-AD7DA45124BB}.Debug|Any CPU.ActiveCfg = Debug|Any CPU
		{0793DFF9-A671-4A1B-B9D5-AD7DA45124BB}.Debug|Any CPU.Build.0 = Debug|Any CPU
		{0793DFF9-A671-4A1B-B9D5-AD7DA45124BB}.Release|Any CPU.ActiveCfg = Release|Any CPU
		{0793DFF9-A671-4A1B-B9D5-AD7DA45124BB}.Release|Any CPU.Build.0 = Release|Any CPU
		{EDD23FA5-E1A8-4742-A656-E0DDBA13C7A1}.Debug|Any CPU.ActiveCfg = Debug|Any CPU
		{EDD23FA5-E1A8-4742-A656-E0DDBA13C7A1}.Debug|Any CPU.Build.0 = Debug|Any CPU
		{EDD23FA5-E1A8-4742-A656-E0DDBA13C7A1}.Release|Any CPU.ActiveCfg = Release|Any CPU
		{EDD23FA5-E1A8-4742-A656-E0DDBA13C7A1}.Release|Any CPU.Build.0 = Release|Any CPU
		{19E65364-A584-4AE6-A39D-6C86F61EC2CC}.Debug|Any CPU.ActiveCfg = Debug|Any CPU
		{19E65364-A584-4AE6-A39D-6C86F61EC2CC}.Debug|Any CPU.Build.0 = Debug|Any CPU
		{19E65364-A584-4AE6-A39D-6C86F61EC2CC}.Release|Any CPU.ActiveCfg = Release|Any CPU
		{19E65364-A584-4AE6-A39D-6C86F61EC2CC}.Release|Any CPU.Build.0 = Release|Any CPU
		{8DEDD41D-9B01-4A64-A57B-2F0A724F4F61}.Debug|Any CPU.ActiveCfg = Debug|Any CPU
		{8DEDD41D-9B01-4A64-A57B-2F0A724F4F61}.Debug|Any CPU.Build.0 = Debug|Any CPU
		{8DEDD41D-9B01-4A64-A57B-2F0A724F4F61}.Release|Any CPU.ActiveCfg = Release|Any CPU
		{8DEDD41D-9B01-4A64-A57B-2F0A724F4F61}.Release|Any CPU.Build.0 = Release|Any CPU
		{46818AAE-715A-4D40-8C9C-D9944328CB4F}.Debug|Any CPU.ActiveCfg = Debug|Any CPU
		{46818AAE-715A-4D40-8C9C-D9944328CB4F}.Debug|Any CPU.Build.0 = Debug|Any CPU
		{46818AAE-715A-4D40-8C9C-D9944328CB4F}.Release|Any CPU.ActiveCfg = Release|Any CPU
		{46818AAE-715A-4D40-8C9C-D9944328CB4F}.Release|Any CPU.Build.0 = Release|Any CPU
	EndGlobalSection
	GlobalSection(SolutionProperties) = preSolution
		HideSolutionNode = FALSE
	EndGlobalSection
	GlobalSection(NestedProjects) = preSolution
		{5F4A0304-27BA-4592-B64E-428368204BD3} = {F9E19B74-ADDF-4FF5-8018-8A817C00A147}
		{363EAE17-AAAE-4444-98F8-EACCB4A38677} = {F9E19B74-ADDF-4FF5-8018-8A817C00A147}
		{80F53E6F-9363-49E3-96D3-E00BA40643BA} = {F9E19B74-ADDF-4FF5-8018-8A817C00A147}
		{58C3801A-B847-46AB-933F-ED43FE058B10} = {F9E19B74-ADDF-4FF5-8018-8A817C00A147}
		{1BDDD5AB-32AC-4217-9B01-F6297F2CB5AE} = {F9E19B74-ADDF-4FF5-8018-8A817C00A147}
		{7D93DB8A-7BF8-442B-8D25-81AF8639E213} = {1BDDD5AB-32AC-4217-9B01-F6297F2CB5AE}
		{DB30850F-7551-400B-9D55-7848CFAD4EC3} = {1BDDD5AB-32AC-4217-9B01-F6297F2CB5AE}
		{C4499304-8035-4FAE-BF0B-26F3C72010E6} = {DB30850F-7551-400B-9D55-7848CFAD4EC3}
		{3DAAB636-3626-48AB-A9D0-AC8F4C864262} = {DB30850F-7551-400B-9D55-7848CFAD4EC3}
		{0793DFF9-A671-4A1B-B9D5-AD7DA45124BB} = {DB30850F-7551-400B-9D55-7848CFAD4EC3}
		{EDD23FA5-E1A8-4742-A656-E0DDBA13C7A1} = {7D93DB8A-7BF8-442B-8D25-81AF8639E213}
		{19E65364-A584-4AE6-A39D-6C86F61EC2CC} = {58C3801A-B847-46AB-933F-ED43FE058B10}
		{8DEDD41D-9B01-4A64-A57B-2F0A724F4F61} = {80F53E6F-9363-49E3-96D3-E00BA40643BA}
		{46818AAE-715A-4D40-8C9C-D9944328CB4F} = {363EAE17-AAAE-4444-98F8-EACCB4A38677}
	EndGlobalSection
	GlobalSection(ExtensibilityGlobals) = postSolution
		SolutionGuid = {D6391741-0E3A-4931-B311-737127B69BA8}
	EndGlobalSection
EndGlobal
